
Microsoft Visual Studio Solution File, Format Version 12.00
# Visual Studio Version 16
VisualStudioVersion = 16.0.30804.86
MinimumVisualStudioVersion = 10.0.40219.1
Project("{FAE04EC0-301F-11D3-BF4B-00C04F79EFBC}") = "PL", "PL\PL.csproj", "{7D42D183-BFEB-419C-8B74-73D328540D48}"
EndProject
Project("{FAE04EC0-301F-11D3-BF4B-00C04F79EFBC}") = "BE", "BE\BE.csproj", "{F4C85793-99FA-4090-A128-D2A28E7A3827}"
EndProject
Project("{FAE04EC0-301F-11D3-BF4B-00C04F79EFBC}") = "BL", "BL\BL.csproj", "{A84B832E-3518-44CA-BD93-DA4099E80C15}"
EndProject
Project("{FAE04EC0-301F-11D3-BF4B-00C04F79EFBC}") = "DAL", "DAL\DAL.csproj", "{66D11678-1138-4215-9A59-DB16ABDBD194}"
EndProject
Project("{FAE04EC0-301F-11D3-BF4B-00C04F79EFBC}") = "FireBase", "FireBase\FireBase.csproj", "{9E82C95C-D7CE-435E-96E6-DA6D224179C6}"
EndProject
Global
	GlobalSection(SolutionConfigurationPlatforms) = preSolution
		Debug|Any CPU = Debug|Any CPU
		Release|Any CPU = Release|Any CPU
	EndGlobalSection
	GlobalSection(ProjectConfigurationPlatforms) = postSolution
		{7D42D183-BFEB-419C-8B74-73D328540D48}.Debug|Any CPU.ActiveCfg = Debug|Any CPU
		{7D42D183-BFEB-419C-8B74-73D328540D48}.Debug|Any CPU.Build.0 = Debug|Any CPU
		{7D42D183-BFEB-419C-8B74-73D328540D48}.Release|Any CPU.ActiveCfg = Release|Any CPU
		{7D42D183-BFEB-419C-8B74-73D328540D48}.Release|Any CPU.Build.0 = Release|Any CPU
		{F4C85793-99FA-4090-A128-D2A28E7A3827}.Debug|Any CPU.ActiveCfg = Debug|Any CPU
		{F4C85793-99FA-4090-A128-D2A28E7A3827}.Debug|Any CPU.Build.0 = Debug|Any CPU
		{F4C85793-99FA-4090-A128-D2A28E7A3827}.Release|Any CPU.ActiveCfg = Release|Any CPU
		{F4C85793-99FA-4090-A128-D2A28E7A3827}.Release|Any CPU.Build.0 = Release|Any CPU
		{A84B832E-3518-44CA-BD93-DA4099E80C15}.Debug|Any CPU.ActiveCfg = Debug|Any CPU
		{A84B832E-3518-44CA-BD93-DA4099E80C15}.Debug|Any CPU.Build.0 = Debug|Any CPU
		{A84B832E-3518-44CA-BD93-DA4099E80C15}.Release|Any CPU.ActiveCfg = Release|Any CPU
		{A84B832E-3518-44CA-BD93-DA4099E80C15}.Release|Any CPU.Build.0 = Release|Any CPU
		{66D11678-1138-4215-9A59-DB16ABDBD194}.Debug|Any CPU.ActiveCfg = Debug|Any CPU
		{66D11678-1138-4215-9A59-DB16ABDBD194}.Debug|Any CPU.Build.0 = Debug|Any CPU
		{66D11678-1138-4215-9A59-DB16ABDBD194}.Release|Any CPU.ActiveCfg = Release|Any CPU
		{66D11678-1138-4215-9A59-DB16ABDBD194}.Release|Any CPU.Build.0 = Release|Any CPU
		{9E82C95C-D7CE-435E-96E6-DA6D224179C6}.Debug|Any CPU.ActiveCfg = Debug|Any CPU
		{9E82C95C-D7CE-435E-96E6-DA6D224179C6}.Debug|Any CPU.Build.0 = Debug|Any CPU
		{9E82C95C-D7CE-435E-96E6-DA6D224179C6}.Release|Any CPU.ActiveCfg = Release|Any CPU
		{9E82C95C-D7CE-435E-96E6-DA6D224179C6}.Release|Any CPU.Build.0 = Release|Any CPU
	EndGlobalSection
	GlobalSection(SolutionProperties) = preSolution
		HideSolutionNode = FALSE
	EndGlobalSection
	GlobalSection(ExtensibilityGlobals) = postSolution
		SolutionGuid = {A3801A56-1EE4-47C4-B3A7-270F27ABDF6B}
	EndGlobalSection
EndGlobal
